// !$*UTF8*$!
{
	archiveVersion = 1;
	classes = {
	};
	objectVersion = 50;
	objects = {

/* Begin PBXBuildFile section */
		3038CAF127480F08000AE79D /* AppDelegate.swift in Sources */ = {isa = PBXBuildFile; fileRef = 3038CAF027480F08000AE79D /* AppDelegate.swift */; };
		3038CAF327480F08000AE79D /* SceneDelegate.swift in Sources */ = {isa = PBXBuildFile; fileRef = 3038CAF227480F08000AE79D /* SceneDelegate.swift */; };
		3038CAF527480F08000AE79D /* ContentView.swift in Sources */ = {isa = PBXBuildFile; fileRef = 3038CAF427480F08000AE79D /* ContentView.swift */; };
		3038CAF727480F0A000AE79D /* Assets.xcassets in Resources */ = {isa = PBXBuildFile; fileRef = 3038CAF627480F0A000AE79D /* Assets.xcassets */; };
		3038CAFA27480F0A000AE79D /* Preview Assets.xcassets in Resources */ = {isa = PBXBuildFile; fileRef = 3038CAF927480F0A000AE79D /* Preview Assets.xcassets */; };
		3038CAFD27480F0A000AE79D /* LaunchScreen.storyboard in Resources */ = {isa = PBXBuildFile; fileRef = 3038CAFB27480F0A000AE79D /* LaunchScreen.storyboard */; };
		3038CB0627481A69000AE79D /* Episode.swift in Sources */ = {isa = PBXBuildFile; fileRef = 3038CB0527481A69000AE79D /* Episode.swift */; };
/* End PBXBuildFile section */

/* Begin PBXFileReference section */
		3038CAED27480F08000AE79D /* HelloBinding.app */ = {isa = PBXFileReference; explicitFileType = wrapper.application; includeInIndex = 0; path = HelloBinding.app; sourceTree = BUILT_PRODUCTS_DIR; };
		3038CAF027480F08000AE79D /* AppDelegate.swift */ = {isa = PBXFileReference; lastKnownFileType = sourcecode.swift; path = AppDelegate.swift; sourceTree = "<group>"; };
		3038CAF227480F08000AE79D /* SceneDelegate.swift */ = {isa = PBXFileReference; lastKnownFileType = sourcecode.swift; path = SceneDelegate.swift; sourceTree = "<group>"; };
		3038CAF427480F08000AE79D /* ContentView.swift */ = {isa = PBXFileReference; lastKnownFileType = sourcecode.swift; path = ContentView.swift; sourceTree = "<group>"; };
		3038CAF627480F0A000AE79D /* Assets.xcassets */ = {isa = PBXFileReference; lastKnownFileType = folder.assetcatalog; path = Assets.xcassets; sourceTree = "<group>"; };
		3038CAF927480F0A000AE79D /* Preview Assets.xcassets */ = {isa = PBXFileReference; lastKnownFileType = folder.assetcatalog; path = "Preview Assets.xcassets"; sourceTree = "<group>"; };
		3038CAFC27480F0A000AE79D /* Base */ = {isa = PBXFileReference; lastKnownFileType = file.storyboard; name = Base; path = Base.lproj/LaunchScreen.storyboard; sourceTree = "<group>"; };
		3038CAFE27480F0A000AE79D /* Info.plist */ = {isa = PBXFileReference; lastKnownFileType = text.plist.xml; path = Info.plist; sourceTree = "<group>"; };
		3038CB0527481A69000AE79D /* Episode.swift */ = {isa = PBXFileReference; lastKnownFileType = sourcecode.swift; path = Episode.swift; sourceTree = "<group>"; };
/* End PBXFileReference section */

/* Begin PBXFrameworksBuildPhase section */
		3038CAEA27480F08000AE79D /* Frameworks */ = {
			isa = PBXFrameworksBuildPhase;
			buildActionMask = 2147483647;
			files = (
			);
			runOnlyForDeploymentPostprocessing = 0;
		};
/* End PBXFrameworksBuildPhase section */

/* Begin PBXGroup section */
		3038CAE427480F08000AE79D = {
			isa = PBXGroup;
			children = (
				3038CAEF27480F08000AE79D /* HelloBinding */,
				3038CAEE27480F08000AE79D /* Products */,
			);
			sourceTree = "<group>";
		};
		3038CAEE27480F08000AE79D /* Products */ = {
			isa = PBXGroup;
			children = (
				3038CAED27480F08000AE79D /* HelloBinding.app */,
			);
			name = Products;
			sourceTree = "<group>";
		};
		3038CAEF27480F08000AE79D /* HelloBinding */ = {
			isa = PBXGroup;
			children = (
				3038CB0427481A5C000AE79D /* Models */,
				3038CAF027480F08000AE79D /* AppDelegate.swift */,
				3038CAF227480F08000AE79D /* SceneDelegate.swift */,
				3038CAF427480F08000AE79D /* ContentView.swift */,
				3038CAF627480F0A000AE79D /* Assets.xcassets */,
				3038CAFB27480F0A000AE79D /* LaunchScreen.storyboard */,
				3038CAFE27480F0A000AE79D /* Info.plist */,
				3038CAF827480F0A000AE79D /* Preview Content */,
			);
			path = HelloBinding;
			sourceTree = "<group>";
		};
		3038CAF827480F0A000AE79D /* Preview Content */ = {
			isa = PBXGroup;
			children = (
				3038CAF927480F0A000AE79D /* Preview Assets.xcassets */,
			);
			path = "Preview Content";
			sourceTree = "<group>";
		};
		3038CB0427481A5C000AE79D /* Models */ = {
			isa = PBXGroup;
			children = (
				3038CB0527481A69000AE79D /* Episode.swift */,
			);
			path = Models;
			sourceTree = "<group>";
		};
/* End PBXGroup section */

/* Begin PBXNativeTarget section */
		3038CAEC27480F08000AE79D /* HelloBinding */ = {
			isa = PBXNativeTarget;
			buildConfigurationList = 3038CB0127480F0A000AE79D /* Build configuration list for PBXNativeTarget "HelloBinding" */;
			buildPhases = (
				3038CAE927480F08000AE79D /* Sources */,
				3038CAEA27480F08000AE79D /* Frameworks */,
				3038CAEB27480F08000AE79D /* Resources */,
			);
			buildRules = (
			);
			dependencies = (
			);
			name = HelloBinding;
			productName = HelloBinding;
			productReference = 3038CAED27480F08000AE79D /* HelloBinding.app */;
			productType = "com.apple.product-type.application";
		};
/* End PBXNativeTarget section */

/* Begin PBXProject section */
		3038CAE527480F08000AE79D /* Project object */ = {
			isa = PBXProject;
			attributes = {
				LastSwiftUpdateCheck = 1250;
				LastUpgradeCheck = 1250;
				TargetAttributes = {
					3038CAEC27480F08000AE79D = {
						CreatedOnToolsVersion = 12.5.1;
					};
				};
			};
			buildConfigurationList = 3038CAE827480F08000AE79D /* Build configuration list for PBXProject "HelloBinding" */;
			compatibilityVersion = "Xcode 9.3";
			developmentRegion = en;
			hasScannedForEncodings = 0;
			knownRegions = (
				en,
				Base,
			);
			mainGroup = 3038CAE427480F08000AE79D;
			productRefGroup = 3038CAEE27480F08000AE79D /* Products */;
			projectDirPath = "";
			projectRoot = "";
			targets = (
				3038CAEC27480F08000AE79D /* HelloBinding */,
			);
		};
/* End PBXProject section */

/* Begin PBXResourcesBuildPhase section */
		3038CAEB27480F08000AE79D /* Resources */ = {
			isa = PBXResourcesBuildPhase;
			buildActionMask = 2147483647;
			files = (
				3038CAFD27480F0A000AE79D /* LaunchScreen.storyboard in Resources */,
				3038CAFA27480F0A000AE79D /* Preview Assets.xcassets in Resources */,
				3038CAF727480F0A000AE79D /* Assets.xcassets in Resources */,
			);
			runOnlyForDeploymentPostprocessing = 0;
		};
/* End PBXResourcesBuildPhase section */

/* Begin PBXSourcesBuildPhase section */
		3038CAE927480F08000AE79D /* Sources */ = {
			isa = PBXSourcesBuildPhase;
			buildActionMask = 2147483647;
			files = (
				3038CAF127480F08000AE79D /* AppDelegate.swift in Sources */,
				3038CB0627481A69000AE79D /* Episode.swift in Sources */,
				3038CAF327480F08000AE79D /* SceneDelegate.swift in Sources */,
				3038CAF527480F08000AE79D /* ContentView.swift in Sources */,
			);
			runOnlyForDeploymentPostprocessing = 0;
		};
/* End PBXSourcesBuildPhase section */

/* Begin PBXVariantGroup section */
		3038CAFB27480F0A000AE79D /* LaunchScreen.storyboard */ = {
			isa = PBXVariantGroup;
			children = (
				3038CAFC27480F0A000AE79D /* Base */,
			);
			name = LaunchScreen.storyboard;
			sourceTree = "<group>";
		};
/* End PBXVariantGroup section */

/* Begin XCBuildConfiguration section */
		3038CAFF27480F0A000AE79D /* Debug */ = {
			isa = XCBuildConfiguration;
			buildSettings = {
				ALWAYS_SEARCH_USER_PATHS = NO;
				CLANG_ANALYZER_NONNULL = YES;
				CLANG_ANALYZER_NUMBER_OBJECT_CONVERSION = YES_AGGRESSIVE;
				CLANG_CXX_LANGUAGE_STANDARD = "gnu++14";
				CLANG_CXX_LIBRARY = "libc++";
				CLANG_ENABLE_MODULES = YES;
				CLANG_ENABLE_OBJC_ARC = YES;
				CLANG_ENABLE_OBJC_WEAK = YES;
				CLANG_WARN_BLOCK_CAPTURE_AUTORELEASING = YES;
				CLANG_WARN_BOOL_CONVERSION = YES;
				CLANG_WARN_COMMA = YES;
				CLANG_WARN_CONSTANT_CONVERSION = YES;
				CLANG_WARN_DEPRECATED_OBJC_IMPLEMENTATIONS = YES;
				CLANG_WARN_DIRECT_OBJC_ISA_USAGE = YES_ERROR;
				CLANG_WARN_DOCUMENTATION_COMMENTS = YES;
				CLANG_WARN_EMPTY_BODY = YES;
				CLANG_WARN_ENUM_CONVERSION = YES;
				CLANG_WARN_INFINITE_RECURSION = YES;
				CLANG_WARN_INT_CONVERSION = YES;
				CLANG_WARN_NON_LITERAL_NULL_CONVERSION = YES;
				CLANG_WARN_OBJC_IMPLICIT_RETAIN_SELF = YES;
				CLANG_WARN_OBJC_LITERAL_CONVERSION = YES;
				CLANG_WARN_OBJC_ROOT_CLASS = YES_ERROR;
				CLANG_WARN_QUOTED_INCLUDE_IN_FRAMEWORK_HEADER = YES;
				CLANG_WARN_RANGE_LOOP_ANALYSIS = YES;
				CLANG_WARN_STRICT_PROTOTYPES = YES;
				CLANG_WARN_SUSPICIOUS_MOVE = YES;
				CLANG_WARN_UNGUARDED_AVAILABILITY = YES_AGGRESSIVE;
				CLANG_WARN_UNREACHABLE_CODE = YES;
				CLANG_WARN__DUPLICATE_METHOD_MATCH = YES;
				COPY_PHASE_STRIP = NO;
				DEBUG_INFORMATION_FORMAT = dwarf;
				ENABLE_STRICT_OBJC_MSGSEND = YES;
				ENABLE_TESTABILITY = YES;
				GCC_C_LANGUAGE_STANDARD = gnu11;
				GCC_DYNAMIC_NO_PIC = NO;
				GCC_NO_COMMON_BLOCKS = YES;
				GCC_OPTIMIZATION_LEVEL = 0;
				GCC_PREPROCESSOR_DEFINITIONS = (
					"DEBUG=1",
					"$(inherited)",
				);
				GCC_WARN_64_TO_32_BIT_CONVERSION = YES;
				GCC_WARN_ABOUT_RETURN_TYPE = YES_ERROR;
				GCC_WARN_UNDECLARED_SELECTOR = YES;
				GCC_WARN_UNINITIALIZED_AUTOS = YES_AGGRESSIVE;
				GCC_WARN_UNUSED_FUNCTION = YES;
				GCC_WARN_UNUSED_VARIABLE = YES;
				IPHONEOS_DEPLOYMENT_TARGET = 14.5;
				MTL_ENABLE_DEBUG_INFO = INCLUDE_SOURCE;
				MTL_FAST_MATH = YES;
				ONLY_ACTIVE_ARCH = YES;
				SDKROOT = iphoneos;
				SWIFT_ACTIVE_COMPILATION_CONDITIONS = DEBUG;
				SWIFT_OPTIMIZATION_LEVEL = "-Onone";
			};
			name = Debug;
		};
		3038CB0027480F0A000AE79D /* Release */ = {
			isa = XCBuildConfiguration;
			buildSettings = {
				ALWAYS_SEARCH_USER_PATHS = NO;
				CLANG_ANALYZER_NONNULL = YES;
				CLANG_ANALYZER_NUMBER_OBJECT_CONVERSION = YES_AGGRESSIVE;
				CLANG_CXX_LANGUAGE_STANDARD = "gnu++14";
				CLANG_CXX_LIBRARY = "libc++";
				CLANG_ENABLE_MODULES = YES;
				CLANG_ENABLE_OBJC_ARC = YES;
				CLANG_ENABLE_OBJC_WEAK = YES;
				CLANG_WARN_BLOCK_CAPTURE_AUTORELEASING = YES;
				CLANG_WARN_BOOL_CONVERSION = YES;
				CLANG_WARN_COMMA = YES;
				CLANG_WARN_CONSTANT_CONVERSION = YES;
				CLANG_WARN_DEPRECATED_OBJC_IMPLEMENTATIONS = YES;
				CLANG_WARN_DIRECT_OBJC_ISA_USAGE = YES_ERROR;
				CLANG_WARN_DOCUMENTATION_COMMENTS = YES;
				CLANG_WARN_EMPTY_BODY = YES;
				CLANG_WARN_ENUM_CONVERSION = YES;
				CLANG_WARN_INFINITE_RECURSION = YES;
				CLANG_WARN_INT_CONVERSION = YES;
				CLANG_WARN_NON_LITERAL_NULL_CONVERSION = YES;
				CLANG_WARN_OBJC_IMPLICIT_RETAIN_SELF = YES;
				CLANG_WARN_OBJC_LITERAL_CONVERSION = YES;
				CLANG_WARN_OBJC_ROOT_CLASS = YES_ERROR;
				CLANG_WARN_QUOTED_INCLUDE_IN_FRAMEWORK_HEADER = YES;
				CLANG_WARN_RANGE_LOOP_ANALYSIS = YES;
				CLANG_WARN_STRICT_PROTOTYPES = YES;
				CLANG_WARN_SUSPICIOUS_MOVE = YES;
				CLANG_WARN_UNGUARDED_AVAILABILITY = YES_AGGRESSIVE;
				CLANG_WARN_UNREACHABLE_CODE = YES;
				CLANG_WARN__DUPLICATE_METHOD_MATCH = YES;
				COPY_PHASE_STRIP = NO;
				DEBUG_INFORMATION_FORMAT = "dwarf-with-dsym";
				ENABLE_NS_ASSERTIONS = NO;
				ENABLE_STRICT_OBJC_MSGSEND = YES;
				GCC_C_LANGUAGE_STANDARD = gnu11;
				GCC_NO_COMMON_BLOCKS = YES;
				GCC_WARN_64_TO_32_BIT_CONVERSION = YES;
				GCC_WARN_ABOUT_RETURN_TYPE = YES_ERROR;
				GCC_WARN_UNDECLARED_SELECTOR = YES;
				GCC_WARN_UNINITIALIZED_AUTOS = YES_AGGRESSIVE;
				GCC_WARN_UNUSED_FUNCTION = YES;
				GCC_WARN_UNUSED_VARIABLE = YES;
				IPHONEOS_DEPLOYMENT_TARGET = 14.5;
				MTL_ENABLE_DEBUG_INFO = NO;
				MTL_FAST_MATH = YES;
				SDKROOT = iphoneos;
				SWIFT_COMPILATION_MODE = wholemodule;
				SWIFT_OPTIMIZATION_LEVEL = "-O";
				VALIDATE_PRODUCT = YES;
			};
			name = Release;
		};
		3038CB0227480F0A000AE79D /* Debug */ = {
			isa = XCBuildConfiguration;
			buildSettings = {
				ASSETCATALOG_COMPILER_APPICON_NAME = AppIcon;
				ASSETCATALOG_COMPILER_GLOBAL_ACCENT_COLOR_NAME = AccentColor;
				CODE_SIGN_STYLE = Automatic;
				DEVELOPMENT_ASSET_PATHS = "\"HelloBinding/Preview Content\"";
				DEVELOPMENT_TEAM = 3AZ6WZHZNJ;
				ENABLE_PREVIEWS = YES;
				INFOPLIST_FILE = HelloBinding/Info.plist;
				LD_RUNPATH_SEARCH_PATHS = (
					"$(inherited)",
					"@executable_path/Frameworks",
				);
				PRODUCT_BUNDLE_IDENTIFIER = com.JulioRobles.HelloBinding;
				PRODUCT_NAME = "$(TARGET_NAME)";
				SWIFT_VERSION = 5.0;
				TARGETED_DEVICE_FAMILY = "1,2";
			};
			name = Debug;
		};
		3038CB0327480F0A000AE79D /* Release */ = {
			isa = XCBuildConfiguration;
			buildSettings = {
				ASSETCATALOG_COMPILER_APPICON_NAME = AppIcon;
				ASSETCATALOG_COMPILER_GLOBAL_ACCENT_COLOR_NAME = AccentColor;
				CODE_SIGN_STYLE = Automatic;
				DEVELOPMENT_ASSET_PATHS = "\"HelloBinding/Preview Content\"";
				DEVELOPMENT_TEAM = 3AZ6WZHZNJ;
				ENABLE_PREVIEWS = YES;
				INFOPLIST_FILE = HelloBinding/Info.plist;
				LD_RUNPATH_SEARCH_PATHS = (
					"$(inherited)",
					"@executable_path/Frameworks",
				);
				PRODUCT_BUNDLE_IDENTIFIER = com.JulioRobles.HelloBinding;
				PRODUCT_NAME = "$(TARGET_NAME)";
				SWIFT_VERSION = 5.0;
				TARGETED_DEVICE_FAMILY = "1,2";
			};
			name = Release;
		};
/* End XCBuildConfiguration section */

/* Begin XCConfigurationList section */
		3038CAE827480F08000AE79D /* Build configuration list for PBXProject "HelloBinding" */ = {
			isa = XCConfigurationList;
			buildConfigurations = (
				3038CAFF27480F0A000AE79D /* Debug */,
				3038CB0027480F0A000AE79D /* Release */,
			);
			defaultConfigurationIsVisible = 0;
			defaultConfigurationName = Release;
		};
		3038CB0127480F0A000AE79D /* Build configuration list for PBXNativeTarget "HelloBinding" */ = {
			isa = XCConfigurationList;
			buildConfigurations = (
				3038CB0227480F0A000AE79D /* Debug */,
				3038CB0327480F0A000AE79D /* Release */,
			);
			defaultConfigurationIsVisible = 0;
			defaultConfigurationName = Release;
		};
/* End XCConfigurationList section */
	};
	rootObject = 3038CAE527480F08000AE79D /* Project object */;
}
